// !$*UTF8*$!
{
	archiveVersion = 1;
	classes = {
	};
	objectVersion = 56;
	objects = {

/* Begin PBXBuildFile section */
		AC28F072295B62F300CFFBEB /* FlickDetailView.swift in Sources */ = {isa = PBXBuildFile; fileRef = AC28F071295B62F300CFFBEB /* FlickDetailView.swift */; };
		AC28F074295B64EC00CFFBEB /* FlickPoster.swift in Sources */ = {isa = PBXBuildFile; fileRef = AC28F073295B64EC00CFFBEB /* FlickPoster.swift */; };
		AC28F077295B932500CFFBEB /* Flicks.xcdatamodeld in Sources */ = {isa = PBXBuildFile; fileRef = AC28F075295B932500CFFBEB /* Flicks.xcdatamodeld */; };
		AC28F079295B93C700CFFBEB /* PersistenceController.swift in Sources */ = {isa = PBXBuildFile; fileRef = AC28F078295B93C700CFFBEB /* PersistenceController.swift */; };
		AC6B399729549EC900440CB0 /* FlickApp.swift in Sources */ = {isa = PBXBuildFile; fileRef = AC6B399629549EC900440CB0 /* FlickApp.swift */; };
		AC6B399929549EC900440CB0 /* ContentView.swift in Sources */ = {isa = PBXBuildFile; fileRef = AC6B399829549EC900440CB0 /* ContentView.swift */; };
		AC6B399B29549ECA00440CB0 /* Assets.xcassets in Resources */ = {isa = PBXBuildFile; fileRef = AC6B399A29549ECA00440CB0 /* Assets.xcassets */; };
		AC6B399E29549ECA00440CB0 /* Preview Assets.xcassets in Resources */ = {isa = PBXBuildFile; fileRef = AC6B399D29549ECA00440CB0 /* Preview Assets.xcassets */; };
		AC6B39A52954C37400440CB0 /* FlickRow.swift in Sources */ = {isa = PBXBuildFile; fileRef = AC6B39A42954C37400440CB0 /* FlickRow.swift */; };
		AC6B39A72954C38A00440CB0 /* Flick.swift in Sources */ = {isa = PBXBuildFile; fileRef = AC6B39A62954C38A00440CB0 /* Flick.swift */; };
/* End PBXBuildFile section */

/* Begin PBXFileReference section */
		AC28F071295B62F300CFFBEB /* FlickDetailView.swift */ = {isa = PBXFileReference; lastKnownFileType = sourcecode.swift; path = FlickDetailView.swift; sourceTree = "<group>"; };
		AC28F073295B64EC00CFFBEB /* FlickPoster.swift */ = {isa = PBXFileReference; lastKnownFileType = sourcecode.swift; path = FlickPoster.swift; sourceTree = "<group>"; };
		AC28F076295B932500CFFBEB /* Flicks.xcdatamodel */ = {isa = PBXFileReference; lastKnownFileType = wrapper.xcdatamodel; path = Flicks.xcdatamodel; sourceTree = "<group>"; };
		AC28F078295B93C700CFFBEB /* PersistenceController.swift */ = {isa = PBXFileReference; lastKnownFileType = sourcecode.swift; path = PersistenceController.swift; sourceTree = "<group>"; };
		AC6B399329549EC900440CB0 /* Flick.app */ = {isa = PBXFileReference; explicitFileType = wrapper.application; includeInIndex = 0; path = Flick.app; sourceTree = BUILT_PRODUCTS_DIR; };
		AC6B399629549EC900440CB0 /* FlickApp.swift */ = {isa = PBXFileReference; lastKnownFileType = sourcecode.swift; path = FlickApp.swift; sourceTree = "<group>"; };
		AC6B399829549EC900440CB0 /* ContentView.swift */ = {isa = PBXFileReference; lastKnownFileType = sourcecode.swift; path = ContentView.swift; sourceTree = "<group>"; };
		AC6B399A29549ECA00440CB0 /* Assets.xcassets */ = {isa = PBXFileReference; lastKnownFileType = folder.assetcatalog; path = Assets.xcassets; sourceTree = "<group>"; };
		AC6B399D29549ECA00440CB0 /* Preview Assets.xcassets */ = {isa = PBXFileReference; lastKnownFileType = folder.assetcatalog; path = "Preview Assets.xcassets"; sourceTree = "<group>"; };
		AC6B39A42954C37400440CB0 /* FlickRow.swift */ = {isa = PBXFileReference; lastKnownFileType = sourcecode.swift; path = FlickRow.swift; sourceTree = "<group>"; };
		AC6B39A62954C38A00440CB0 /* Flick.swift */ = {isa = PBXFileReference; lastKnownFileType = sourcecode.swift; path = Flick.swift; sourceTree = "<group>"; };
/* End PBXFileReference section */

/* Begin PBXFrameworksBuildPhase section */
		AC6B399029549EC900440CB0 /* Frameworks */ = {
			isa = PBXFrameworksBuildPhase;
			buildActionMask = 2147483647;
			files = (
			);
			runOnlyForDeploymentPostprocessing = 0;
		};
/* End PBXFrameworksBuildPhase section */

/* Begin PBXGroup section */
		AC3CAFBC295C878B004CAD84 /* Persistence */ = {
			isa = PBXGroup;
			children = (
				AC28F075295B932500CFFBEB /* Flicks.xcdatamodeld */,
				AC28F078295B93C700CFFBEB /* PersistenceController.swift */,
			);
			path = Persistence;
			sourceTree = "<group>";
		};
		AC6B398A29549EC900440CB0 = {
			isa = PBXGroup;
			children = (
				AC6B399529549EC900440CB0 /* Flick */,
				AC6B399429549EC900440CB0 /* Products */,
			);
			sourceTree = "<group>";
		};
		AC6B399429549EC900440CB0 /* Products */ = {
			isa = PBXGroup;
			children = (
				AC6B399329549EC900440CB0 /* Flick.app */,
			);
			name = Products;
			sourceTree = "<group>";
		};
		AC6B399529549EC900440CB0 /* Flick */ = {
			isa = PBXGroup;
			children = (
				AC6B399629549EC900440CB0 /* FlickApp.swift */,
				AC6B39A92954C39D00440CB0 /* Views */,
				AC6B39A82954C39300440CB0 /* Models */,
				AC3CAFBC295C878B004CAD84 /* Persistence */,
				AC6B399A29549ECA00440CB0 /* Assets.xcassets */,
				AC6B399C29549ECA00440CB0 /* Preview Content */,
			);
			path = Flick;
			sourceTree = "<group>";
		};
		AC6B399C29549ECA00440CB0 /* Preview Content */ = {
			isa = PBXGroup;
			children = (
				AC6B399D29549ECA00440CB0 /* Preview Assets.xcassets */,
			);
			path = "Preview Content";
			sourceTree = "<group>";
		};
		AC6B39A82954C39300440CB0 /* Models */ = {
			isa = PBXGroup;
			children = (
				AC6B39A62954C38A00440CB0 /* Flick.swift */,
			);
			path = Models;
			sourceTree = "<group>";
		};
		AC6B39A92954C39D00440CB0 /* Views */ = {
			isa = PBXGroup;
			children = (
				AC6B399829549EC900440CB0 /* ContentView.swift */,
				AC6B39A42954C37400440CB0 /* FlickRow.swift */,
				AC28F071295B62F300CFFBEB /* FlickDetailView.swift */,
				AC28F073295B64EC00CFFBEB /* FlickPoster.swift */,
			);
			path = Views;
			sourceTree = "<group>";
		};
/* End PBXGroup section */

/* Begin PBXNativeTarget section */
		AC6B399229549EC900440CB0 /* Flick */ = {
			isa = PBXNativeTarget;
			buildConfigurationList = AC6B39A129549ECA00440CB0 /* Build configuration list for PBXNativeTarget "Flick" */;
			buildPhases = (
				AC6B398F29549EC900440CB0 /* Sources */,
				AC6B399029549EC900440CB0 /* Frameworks */,
				AC6B399129549EC900440CB0 /* Resources */,
			);
			buildRules = (
			);
			dependencies = (
			);
			name = Flick;
			productName = Flick;
			productReference = AC6B399329549EC900440CB0 /* Flick.app */;
			productType = "com.apple.product-type.application";
		};
/* End PBXNativeTarget section */

/* Begin PBXProject section */
		AC6B398B29549EC900440CB0 /* Project object */ = {
			isa = PBXProject;
			attributes = {
				BuildIndependentTargetsInParallel = 1;
				LastSwiftUpdateCheck = 1420;
				LastUpgradeCheck = 1420;
				TargetAttributes = {
					AC6B399229549EC900440CB0 = {
						CreatedOnToolsVersion = 14.2;
					};
				};
			};
			buildConfigurationList = AC6B398E29549EC900440CB0 /* Build configuration list for PBXProject "Flick" */;
			compatibilityVersion = "Xcode 14.0";
			developmentRegion = en;
			hasScannedForEncodings = 0;
			knownRegions = (
				en,
				Base,
			);
			mainGroup = AC6B398A29549EC900440CB0;
			productRefGroup = AC6B399429549EC900440CB0 /* Products */;
			projectDirPath = "";
			projectRoot = "";
			targets = (
				AC6B399229549EC900440CB0 /* Flick */,
			);
		};
/* End PBXProject section */

/* Begin PBXResourcesBuildPhase section */
		AC6B399129549EC900440CB0 /* Resources */ = {
			isa = PBXResourcesBuildPhase;
			buildActionMask = 2147483647;
			files = (
				AC6B399E29549ECA00440CB0 /* Preview Assets.xcassets in Resources */,
				AC6B399B29549ECA00440CB0 /* Assets.xcassets in Resources */,
			);
			runOnlyForDeploymentPostprocessing = 0;
		};
/* End PBXResourcesBuildPhase section */

/* Begin PBXSourcesBuildPhase section */
		AC6B398F29549EC900440CB0 /* Sources */ = {
			isa = PBXSourcesBuildPhase;
			buildActionMask = 2147483647;
			files = (
				AC28F074295B64EC00CFFBEB /* FlickPoster.swift in Sources */,
				AC6B399929549EC900440CB0 /* ContentView.swift in Sources */,
				AC6B399729549EC900440CB0 /* FlickApp.swift in Sources */,
				AC6B39A52954C37400440CB0 /* FlickRow.swift in Sources */,
				AC28F072295B62F300CFFBEB /* FlickDetailView.swift in Sources */,
				AC28F077295B932500CFFBEB /* Flicks.xcdatamodeld in Sources */,
				AC6B39A72954C38A00440CB0 /* Flick.swift in Sources */,
				AC28F079295B93C700CFFBEB /* PersistenceController.swift in Sources */,
			);
			runOnlyForDeploymentPostprocessing = 0;
		};
/* End PBXSourcesBuildPhase section */

/* Begin XCBuildConfiguration section */
		AC6B399F29549ECA00440CB0 /* Debug */ = {
			isa = XCBuildConfiguration;
			buildSettings = {
				ALWAYS_SEARCH_USER_PATHS = NO;
				CLANG_ANALYZER_NONNULL = YES;
				CLANG_ANALYZER_NUMBER_OBJECT_CONVERSION = YES_AGGRESSIVE;
				CLANG_CXX_LANGUAGE_STANDARD = "gnu++20";
				CLANG_ENABLE_MODULES = YES;
				CLANG_ENABLE_OBJC_ARC = YES;
				CLANG_ENABLE_OBJC_WEAK = YES;
				CLANG_WARN_BLOCK_CAPTURE_AUTORELEASING = YES;
				CLANG_WARN_BOOL_CONVERSION = YES;
				CLANG_WARN_COMMA = YES;
				CLANG_WARN_CONSTANT_CONVERSION = YES;
				CLANG_WARN_DEPRECATED_OBJC_IMPLEMENTATIONS = YES;
				CLANG_WARN_DIRECT_OBJC_ISA_USAGE = YES_ERROR;
				CLANG_WARN_DOCUMENTATION_COMMENTS = YES;
				CLANG_WARN_EMPTY_BODY = YES;
				CLANG_WARN_ENUM_CONVERSION = YES;
				CLANG_WARN_INFINITE_RECURSION = YES;
				CLANG_WARN_INT_CONVERSION = YES;
				CLANG_WARN_NON_LITERAL_NULL_CONVERSION = YES;
				CLANG_WARN_OBJC_IMPLICIT_RETAIN_SELF = YES;
				CLANG_WARN_OBJC_LITERAL_CONVERSION = YES;
				CLANG_WARN_OBJC_ROOT_CLASS = YES_ERROR;
				CLANG_WARN_QUOTED_INCLUDE_IN_FRAMEWORK_HEADER = YES;
				CLANG_WARN_RANGE_LOOP_ANALYSIS = YES;
				CLANG_WARN_STRICT_PROTOTYPES = YES;
				CLANG_WARN_SUSPICIOUS_MOVE = YES;
				CLANG_WARN_UNGUARDED_AVAILABILITY = YES_AGGRESSIVE;
				CLANG_WARN_UNREACHABLE_CODE = YES;
				CLANG_WARN__DUPLICATE_METHOD_MATCH = YES;
				COPY_PHASE_STRIP = NO;
				DEBUG_INFORMATION_FORMAT = dwarf;
				ENABLE_STRICT_OBJC_MSGSEND = YES;
				ENABLE_TESTABILITY = YES;
				GCC_C_LANGUAGE_STANDARD = gnu11;
				GCC_DYNAMIC_NO_PIC = NO;
				GCC_NO_COMMON_BLOCKS = YES;
				GCC_OPTIMIZATION_LEVEL = 0;
				GCC_PREPROCESSOR_DEFINITIONS = (
					"DEBUG=1",
					"$(inherited)",
				);
				GCC_WARN_64_TO_32_BIT_CONVERSION = YES;
				GCC_WARN_ABOUT_RETURN_TYPE = YES_ERROR;
				GCC_WARN_UNDECLARED_SELECTOR = YES;
				GCC_WARN_UNINITIALIZED_AUTOS = YES_AGGRESSIVE;
				GCC_WARN_UNUSED_FUNCTION = YES;
				GCC_WARN_UNUSED_VARIABLE = YES;
				IPHONEOS_DEPLOYMENT_TARGET = 16.2;
				MTL_ENABLE_DEBUG_INFO = INCLUDE_SOURCE;
				MTL_FAST_MATH = YES;
				ONLY_ACTIVE_ARCH = YES;
				SDKROOT = iphoneos;
				SWIFT_ACTIVE_COMPILATION_CONDITIONS = DEBUG;
				SWIFT_OPTIMIZATION_LEVEL = "-Onone";
			};
			name = Debug;
		};
		AC6B39A029549ECA00440CB0 /* Release */ = {
			isa = XCBuildConfiguration;
			buildSettings = {
				ALWAYS_SEARCH_USER_PATHS = NO;
				CLANG_ANALYZER_NONNULL = YES;
				CLANG_ANALYZER_NUMBER_OBJECT_CONVERSION = YES_AGGRESSIVE;
				CLANG_CXX_LANGUAGE_STANDARD = "gnu++20";
				CLANG_ENABLE_MODULES = YES;
				CLANG_ENABLE_OBJC_ARC = YES;
				CLANG_ENABLE_OBJC_WEAK = YES;
				CLANG_WARN_BLOCK_CAPTURE_AUTORELEASING = YES;
				CLANG_WARN_BOOL_CONVERSION = YES;
				CLANG_WARN_COMMA = YES;
				CLANG_WARN_CONSTANT_CONVERSION = YES;
				CLANG_WARN_DEPRECATED_OBJC_IMPLEMENTATIONS = YES;
				CLANG_WARN_DIRECT_OBJC_ISA_USAGE = YES_ERROR;
				CLANG_WARN_DOCUMENTATION_COMMENTS = YES;
				CLANG_WARN_EMPTY_BODY = YES;
				CLANG_WARN_ENUM_CONVERSION = YES;
				CLANG_WARN_INFINITE_RECURSION = YES;
				CLANG_WARN_INT_CONVERSION = YES;
				CLANG_WARN_NON_LITERAL_NULL_CONVERSION = YES;
				CLANG_WARN_OBJC_IMPLICIT_RETAIN_SELF = YES;
				CLANG_WARN_OBJC_LITERAL_CONVERSION = YES;
				CLANG_WARN_OBJC_ROOT_CLASS = YES_ERROR;
				CLANG_WARN_QUOTED_INCLUDE_IN_FRAMEWORK_HEADER = YES;
				CLANG_WARN_RANGE_LOOP_ANALYSIS = YES;
				CLANG_WARN_STRICT_PROTOTYPES = YES;
				CLANG_WARN_SUSPICIOUS_MOVE = YES;
				CLANG_WARN_UNGUARDED_AVAILABILITY = YES_AGGRESSIVE;
				CLANG_WARN_UNREACHABLE_CODE = YES;
				CLANG_WARN__DUPLICATE_METHOD_MATCH = YES;
				COPY_PHASE_STRIP = NO;
				DEBUG_INFORMATION_FORMAT = "dwarf-with-dsym";
				ENABLE_NS_ASSERTIONS = NO;
				ENABLE_STRICT_OBJC_MSGSEND = YES;
				GCC_C_LANGUAGE_STANDARD = gnu11;
				GCC_NO_COMMON_BLOCKS = YES;
				GCC_WARN_64_TO_32_BIT_CONVERSION = YES;
				GCC_WARN_ABOUT_RETURN_TYPE = YES_ERROR;
				GCC_WARN_UNDECLARED_SELECTOR = YES;
				GCC_WARN_UNINITIALIZED_AUTOS = YES_AGGRESSIVE;
				GCC_WARN_UNUSED_FUNCTION = YES;
				GCC_WARN_UNUSED_VARIABLE = YES;
				IPHONEOS_DEPLOYMENT_TARGET = 16.2;
				MTL_ENABLE_DEBUG_INFO = NO;
				MTL_FAST_MATH = YES;
				SDKROOT = iphoneos;
				SWIFT_COMPILATION_MODE = wholemodule;
				SWIFT_OPTIMIZATION_LEVEL = "-O";
				VALIDATE_PRODUCT = YES;
			};
			name = Release;
		};
		AC6B39A229549ECA00440CB0 /* Debug */ = {
			isa = XCBuildConfiguration;
			buildSettings = {
				ASSETCATALOG_COMPILER_APPICON_NAME = AppIcon;
				ASSETCATALOG_COMPILER_GLOBAL_ACCENT_COLOR_NAME = AccentColor;
				CODE_SIGN_STYLE = Automatic;
				CURRENT_PROJECT_VERSION = 1;
				DEVELOPMENT_ASSET_PATHS = "\"Flick/Preview Content\"";
				DEVELOPMENT_TEAM = UYMTCS89FV;
				ENABLE_PREVIEWS = YES;
				GENERATE_INFOPLIST_FILE = YES;
				INFOPLIST_KEY_UIApplicationSceneManifest_Generation = YES;
				INFOPLIST_KEY_UIApplicationSupportsIndirectInputEvents = YES;
				INFOPLIST_KEY_UILaunchScreen_Generation = YES;
				INFOPLIST_KEY_UISupportedInterfaceOrientations_iPad = "UIInterfaceOrientationPortrait UIInterfaceOrientationPortraitUpsideDown UIInterfaceOrientationLandscapeLeft UIInterfaceOrientationLandscapeRight";
				INFOPLIST_KEY_UISupportedInterfaceOrientations_iPhone = "UIInterfaceOrientationPortrait UIInterfaceOrientationLandscapeLeft UIInterfaceOrientationLandscapeRight";
				LD_RUNPATH_SEARCH_PATHS = (
					"$(inherited)",
					"@executable_path/Frameworks",
				);
				MARKETING_VERSION = 1.0;
				PRODUCT_BUNDLE_IDENTIFIER = dev.apjoex.Flick;
				PRODUCT_NAME = "$(TARGET_NAME)";
				SWIFT_EMIT_LOC_STRINGS = YES;
				SWIFT_VERSION = 5.0;
				TARGETED_DEVICE_FAMILY = "1,2";
			};
			name = Debug;
		};
		AC6B39A329549ECA00440CB0 /* Release */ = {
			isa = XCBuildConfiguration;
			buildSettings = {
				ASSETCATALOG_COMPILER_APPICON_NAME = AppIcon;
				ASSETCATALOG_COMPILER_GLOBAL_ACCENT_COLOR_NAME = AccentColor;
				CODE_SIGN_STYLE = Automatic;
				CURRENT_PROJECT_VERSION = 1;
				DEVELOPMENT_ASSET_PATHS = "\"Flick/Preview Content\"";
				DEVELOPMENT_TEAM = UYMTCS89FV;
				ENABLE_PREVIEWS = YES;
				GENERATE_INFOPLIST_FILE = YES;
				INFOPLIST_KEY_UIApplicationSceneManifest_Generation = YES;
				INFOPLIST_KEY_UIApplicationSupportsIndirectInputEvents = YES;
				INFOPLIST_KEY_UILaunchScreen_Generation = YES;
				INFOPLIST_KEY_UISupportedInterfaceOrientations_iPad = "UIInterfaceOrientationPortrait UIInterfaceOrientationPortraitUpsideDown UIInterfaceOrientationLandscapeLeft UIInterfaceOrientationLandscapeRight";
				INFOPLIST_KEY_UISupportedInterfaceOrientations_iPhone = "UIInterfaceOrientationPortrait UIInterfaceOrientationLandscapeLeft UIInterfaceOrientationLandscapeRight";
				LD_RUNPATH_SEARCH_PATHS = (
					"$(inherited)",
					"@executable_path/Frameworks",
				);
				MARKETING_VERSION = 1.0;
				PRODUCT_BUNDLE_IDENTIFIER = dev.apjoex.Flick;
				PRODUCT_NAME = "$(TARGET_NAME)";
				SWIFT_EMIT_LOC_STRINGS = YES;
				SWIFT_VERSION = 5.0;
				TARGETED_DEVICE_FAMILY = "1,2";
			};
			name = Release;
		};
/* End XCBuildConfiguration section */

/* Begin XCConfigurationList section */
		AC6B398E29549EC900440CB0 /* Build configuration list for PBXProject "Flick" */ = {
			isa = XCConfigurationList;
			buildConfigurations = (
				AC6B399F29549ECA00440CB0 /* Debug */,
				AC6B39A029549ECA00440CB0 /* Release */,
			);
			defaultConfigurationIsVisible = 0;
			defaultConfigurationName = Release;
		};
		AC6B39A129549ECA00440CB0 /* Build configuration list for PBXNativeTarget "Flick" */ = {
			isa = XCConfigurationList;
			buildConfigurations = (
				AC6B39A229549ECA00440CB0 /* Debug */,
				AC6B39A329549ECA00440CB0 /* Release */,
			);
			defaultConfigurationIsVisible = 0;
			defaultConfigurationName = Release;
		};
/* End XCConfigurationList section */

/* Begin XCVersionGroup section */
		AC28F075295B932500CFFBEB /* Flicks.xcdatamodeld */ = {
			isa = XCVersionGroup;
			children = (
				AC28F076295B932500CFFBEB /* Flicks.xcdatamodel */,
			);
			currentVersion = AC28F076295B932500CFFBEB /* Flicks.xcdatamodel */;
			path = Flicks.xcdatamodeld;
			sourceTree = "<group>";
			versionGroupType = wrapper.xcdatamodel;
		};
/* End XCVersionGroup section */
	};
	rootObject = AC6B398B29549EC900440CB0 /* Project object */;
}
